# This file is autogenerated, do not edit; changes may be undone by the next 'dep ensure'.


[[projects]]
  name = "github.com/bmizerany/pat"
  packages = ["."]
  revision = "c068ca2f0aacee5ac3681d68e4d0a003b7d1fd2c"

[[projects]]
  name = "github.com/davecgh/go-spew"
  packages = ["spew"]
  revision = "346938d642f2ec3594ed81d874461961cd0faa76"
  version = "v1.1.0"

[[projects]]
  branch = "master"
  name = "github.com/fsnotify/fsevents"
  packages = ["."]
  revision = "ed9a50f8badcd11817e4fa3044b6765bb54219db"

[[projects]]
  name = "github.com/hashicorp/golang-lru"
  packages = [
    ".",
    "simplelru"
  ]
  revision = "a0d98a5f288019575c6d1f4bb1573fef2d1fcdc4"

[[projects]]
  name = "github.com/kardianos/osext"
  packages = ["."]
  revision = "29ae4ffbc9a6fe9fb2bc5029050ce6996ea1d3bc"

[[projects]]
  name = "github.com/miekg/dns"
  packages = ["."]
  revision = "db96a2b759cdef4f11a34506a42eb8d1290c598e"

[[projects]]
  name = "github.com/pmezard/go-difflib"
  packages = ["difflib"]
  revision = "792786c7400a136282c1664665ae0a8db921c6c2"
  version = "v1.0.0"

[[projects]]
  name = "github.com/stretchr/objx"
  packages = ["."]
  revision = "477a77ecc69700c7cdeb1fa9e129548e1c1c393c"
  version = "v0.1.1"

[[projects]]
  name = "github.com/stretchr/testify"
  packages = [
    "assert",
    "mock",
    "require"
  ]
  revision = "1f4a1643a57e798696635ea4c126e9127adb7d3c"

[[projects]]
  branch = "master"
  name = "github.com/vektra/errors"
  packages = ["."]
  revision = "c64d83aba85aa4392895aadeefabbd24e89f3580"

[[projects]]
  name = "github.com/vektra/neko"
  packages = ["."]
  revision = "843f5ecf6932d8e4d759fc523b2107d103de5117"

[[projects]]
  name = "golang.org/x/exp"
  packages = ["inotify"]
  revision = "6e7e2f19a28075b32d17498f00c56515d22f637c"

[[projects]]
  name = "gopkg.in/tomb.v2"
  packages = ["."]
  revision = "14b3d72120e8d10ea6e6b7f87f7175734b1faab8"

[solve-meta]
  analyzer-name = "dep"
  analyzer-version = 1
  inputs-digest = "0bb2380cb26c82649ef82a9aa3f34aba4f59c8e018e9a7ce200f1dfdd115419e"
  solver-name = "gps-cdcl"
  solver-version = 1
